
Microsoft Visual Studio Solution File, Format Version 12.00
# Visual Studio 2013
VisualStudioVersion = 12.0.0.0
MinimumVisualStudioVersion = 10.0.0.1
Project("{8BB2217D-0F2D-49D1-97BC-3654ED321F3B}") = "FinanceApi", "src/FinanceApi/FinanceApi.xproj", "{144B769B-CAFC-4D3F-BE02-E1FC262F250E}"
EndProject
Project("{8BB2217D-0F2D-49D1-97BC-3654ED321F3B}") = "FinanceApiTest", "test/FinanceApiTest\FinanceApiTest.xproj", "{8E77C1D1-7C05-44F1-A849-4D41C94AABA7}"
EndProject
Project("{8BB2217D-0F2D-49D1-97BC-3654ED321F3B}") = "Finance.Domain", "src/Finance.Domain\Finance.Domain.xproj", "{9909D179-E6F0-47DB-B242-6952C066DD1E}"
EndProject
Project("{8BB2217D-0F2D-49D1-97BC-3654ED321F3B}") = "Finance.DomainTest", "test/Finance.DomainTest\Finance.DomainTest.xproj", "{2DED0EC5-8FE5-49AA-BF16-06E56F2FE015}"
EndProject
Project("{2150E333-8FDC-42A3-9474-1A3956D46DE8}") = "Tests", "Tests", "{5A34FD3C-C780-4C57-B42D-034E02A8135D}"
EndProject
Project("{2150E333-8FDC-42A3-9474-1A3956D46DE8}") = "Solution", "Solution", "{264A070F-1B41-4755-910F-7F804263CE77}"
ProjectSection(SolutionItems) = preProject
	global.json = global.json
EndProjectSection
EndProject
Global
	GlobalSection(SolutionConfigurationPlatforms) = preSolution
		Debug|Any CPU = Debug|Any CPU
		Release|Any CPU = Release|Any CPU
	EndGlobalSection
	GlobalSection(ProjectConfigurationPlatforms) = postSolution
		{144B769B-CAFC-4D3F-BE02-E1FC262F250E}.Debug|Any CPU.ActiveCfg = Debug|Any CPU
		{144B769B-CAFC-4D3F-BE02-E1FC262F250E}.Debug|Any CPU.Build.0 = Debug|Any CPU
		{144B769B-CAFC-4D3F-BE02-E1FC262F250E}.Release|Any CPU.ActiveCfg = Release|Any CPU
		{144B769B-CAFC-4D3F-BE02-E1FC262F250E}.Release|Any CPU.Build.0 = Release|Any CPU
		{8E77C1D1-7C05-44F1-A849-4D41C94AABA7}.Debug|Any CPU.ActiveCfg = Debug|Any CPU
		{8E77C1D1-7C05-44F1-A849-4D41C94AABA7}.Debug|Any CPU.Build.0 = Debug|Any CPU
		{8E77C1D1-7C05-44F1-A849-4D41C94AABA7}.Release|Any CPU.ActiveCfg = Release|Any CPU
		{8E77C1D1-7C05-44F1-A849-4D41C94AABA7}.Release|Any CPU.Build.0 = Release|Any CPU
		{9909D179-E6F0-47DB-B242-6952C066DD1E}.Debug|Any CPU.ActiveCfg = Debug|Any CPU
		{9909D179-E6F0-47DB-B242-6952C066DD1E}.Debug|Any CPU.Build.0 = Debug|Any CPU
		{9909D179-E6F0-47DB-B242-6952C066DD1E}.Release|Any CPU.ActiveCfg = Release|Any CPU
		{9909D179-E6F0-47DB-B242-6952C066DD1E}.Release|Any CPU.Build.0 = Release|Any CPU
		{2DED0EC5-8FE5-49AA-BF16-06E56F2FE015}.Debug|Any CPU.ActiveCfg = Debug|Any CPU
		{2DED0EC5-8FE5-49AA-BF16-06E56F2FE015}.Debug|Any CPU.Build.0 = Debug|Any CPU
		{2DED0EC5-8FE5-49AA-BF16-06E56F2FE015}.Release|Any CPU.ActiveCfg = Release|Any CPU
		{2DED0EC5-8FE5-49AA-BF16-06E56F2FE015}.Release|Any CPU.Build.0 = Release|Any CPU
	EndGlobalSection
	GlobalSection(SolutionProperties) = preSolution
		HideSolutionNode = FALSE
	EndGlobalSection
	GlobalSection(NestedProjects) = preSolution
		{8E77C1D1-7C05-44F1-A849-4D41C94AABA7} = {5A34FD3C-C780-4C57-B42D-034E02A8135D}
		{2DED0EC5-8FE5-49AA-BF16-06E56F2FE015} = {5A34FD3C-C780-4C57-B42D-034E02A8135D}
	EndGlobalSection
EndGlobal
